
Microsoft Visual Studio Solution File, Format Version 12.00
# Visual Studio Version 17
VisualStudioVersion = 17.0.31903.59
MinimumVisualStudioVersion = 10.0.40219.1
Project("{FAE04EC0-301F-11D3-BF4B-00C04F79EFBC}") = "MiniTools", "MegaToolsDemo\MiniTools.csproj", "{AC67ADFB-977B-44D4-80CA-178CEB3C5D7E}"
EndProject
Global
	GlobalSection(SolutionConfigurationPlatforms) = preSolution
		Debug|Any CPU = Debug|Any CPU
		Release|Any CPU = Release|Any CPU
	EndGlobalSection
	GlobalSection(ProjectConfigurationPlatforms) = postSolution
		{AC67ADFB-977B-44D4-80CA-178CEB3C5D7E}.Debug|Any CPU.ActiveCfg = Debug|Any CPU
		{AC67ADFB-977B-44D4-80CA-178CEB3C5D7E}.Debug|Any CPU.Build.0 = Debug|Any CPU
		{AC67ADFB-977B-44D4-80CA-178CEB3C5D7E}.Release|Any CPU.ActiveCfg = Release|Any CPU
		{AC67ADFB-977B-44D4-80CA-178CEB3C5D7E}.Release|Any CPU.Build.0 = Release|Any CPU
	EndGlobalSection
	GlobalSection(SolutionProperties) = preSolution
		HideSolutionNode = FALSE
	EndGlobalSection
	GlobalSection(ExtensibilityGlobals) = postSolution
		SolutionGuid = {B8ABC8EB-60D2-42C5-B3FA-10726A4C57E5}
	EndGlobalSection
EndGlobal
